
Microsoft Visual Studio Solution File, Format Version 12.00
# Visual Studio Version 17
VisualStudioVersion = 17.11.35312.102
MinimumVisualStudioVersion = 10.0.40219.1
Project("{9A19103F-16F7-4668-BE54-9A1E7A4F7556}") = "Microservices", "Backed-Shop-BG\Microservices.csproj", "{EF3CF07A-563F-4454-84ED-B547103AAAF3}"
EndProject
Project("{9A19103F-16F7-4668-BE54-9A1E7A4F7556}") = "Models", "Models\Models.csproj", "{72D4479B-2FD3-47D5-AAA4-DAA8D35FD2A9}"
EndProject
Project("{9A19103F-16F7-4668-BE54-9A1E7A4F7556}") = "DataContext", "DataContext\DataContext.csproj", "{FEDB6AE3-A13F-476F-B0F5-49BDF729215D}"
EndProject
Project("{9A19103F-16F7-4668-BE54-9A1E7A4F7556}") = "Services", "Services\Services.csproj", "{60B165DF-8208-4BE6-8076-42069FCB4560}"
EndProject
Project("{9A19103F-16F7-4668-BE54-9A1E7A4F7556}") = "Helpers", "Helpers\Helpers.csproj", "{64488714-933D-4C78-8E71-ADA170F0BA84}"
EndProject
Project("{9A19103F-16F7-4668-BE54-9A1E7A4F7556}") = "AutoMapperDemo", "AutoMapperDemo\AutoMapperDemo.csproj", "{9C1F3EEE-63DE-4512-886C-39E659D6E5D1}"
EndProject
Global
	GlobalSection(SolutionConfigurationPlatforms) = preSolution
		Debug|Any CPU = Debug|Any CPU
		Release|Any CPU = Release|Any CPU
	EndGlobalSection
	GlobalSection(ProjectConfigurationPlatforms) = postSolution
		{EF3CF07A-563F-4454-84ED-B547103AAAF3}.Debug|Any CPU.ActiveCfg = Debug|Any CPU
		{EF3CF07A-563F-4454-84ED-B547103AAAF3}.Debug|Any CPU.Build.0 = Debug|Any CPU
		{EF3CF07A-563F-4454-84ED-B547103AAAF3}.Release|Any CPU.ActiveCfg = Release|Any CPU
		{EF3CF07A-563F-4454-84ED-B547103AAAF3}.Release|Any CPU.Build.0 = Release|Any CPU
		{72D4479B-2FD3-47D5-AAA4-DAA8D35FD2A9}.Debug|Any CPU.ActiveCfg = Debug|Any CPU
		{72D4479B-2FD3-47D5-AAA4-DAA8D35FD2A9}.Debug|Any CPU.Build.0 = Debug|Any CPU
		{72D4479B-2FD3-47D5-AAA4-DAA8D35FD2A9}.Release|Any CPU.ActiveCfg = Release|Any CPU
		{72D4479B-2FD3-47D5-AAA4-DAA8D35FD2A9}.Release|Any CPU.Build.0 = Release|Any CPU
		{FEDB6AE3-A13F-476F-B0F5-49BDF729215D}.Debug|Any CPU.ActiveCfg = Debug|Any CPU
		{FEDB6AE3-A13F-476F-B0F5-49BDF729215D}.Debug|Any CPU.Build.0 = Debug|Any CPU
		{FEDB6AE3-A13F-476F-B0F5-49BDF729215D}.Release|Any CPU.ActiveCfg = Release|Any CPU
		{FEDB6AE3-A13F-476F-B0F5-49BDF729215D}.Release|Any CPU.Build.0 = Release|Any CPU
		{60B165DF-8208-4BE6-8076-42069FCB4560}.Debug|Any CPU.ActiveCfg = Debug|Any CPU
		{60B165DF-8208-4BE6-8076-42069FCB4560}.Debug|Any CPU.Build.0 = Debug|Any CPU
		{60B165DF-8208-4BE6-8076-42069FCB4560}.Release|Any CPU.ActiveCfg = Release|Any CPU
		{60B165DF-8208-4BE6-8076-42069FCB4560}.Release|Any CPU.Build.0 = Release|Any CPU
		{64488714-933D-4C78-8E71-ADA170F0BA84}.Debug|Any CPU.ActiveCfg = Debug|Any CPU
		{64488714-933D-4C78-8E71-ADA170F0BA84}.Debug|Any CPU.Build.0 = Debug|Any CPU
		{64488714-933D-4C78-8E71-ADA170F0BA84}.Release|Any CPU.ActiveCfg = Release|Any CPU
		{64488714-933D-4C78-8E71-ADA170F0BA84}.Release|Any CPU.Build.0 = Release|Any CPU
		{9C1F3EEE-63DE-4512-886C-39E659D6E5D1}.Debug|Any CPU.ActiveCfg = Debug|Any CPU
		{9C1F3EEE-63DE-4512-886C-39E659D6E5D1}.Debug|Any CPU.Build.0 = Debug|Any CPU
		{9C1F3EEE-63DE-4512-886C-39E659D6E5D1}.Release|Any CPU.ActiveCfg = Release|Any CPU
		{9C1F3EEE-63DE-4512-886C-39E659D6E5D1}.Release|Any CPU.Build.0 = Release|Any CPU
	EndGlobalSection
	GlobalSection(SolutionProperties) = preSolution
		HideSolutionNode = FALSE
	EndGlobalSection
	GlobalSection(ExtensibilityGlobals) = postSolution
		SolutionGuid = {7FFD04CB-A106-4B9C-B980-9557AFF8AE59}
	EndGlobalSection
EndGlobal
